
Microsoft Visual Studio Solution File, Format Version 12.00
# Visual Studio Version 17
VisualStudioVersion = 17.2.32519.379
MinimumVisualStudioVersion = 10.0.40219.1
Project("{FAE04EC0-301F-11D3-BF4B-00C04F79EFBC}") = "cs_struct,class", "cs_struct,class\cs_struct,class.csproj", "{BE2FC3FB-4773-4D2A-8596-73DD00830127}"
EndProject
Project("{FAE04EC0-301F-11D3-BF4B-00C04F79EFBC}") = "Client", "Client\Client.csproj", "{F4EE1586-17AD-4DE4-972E-04662C4F659C}"
EndProject
Project("{FAE04EC0-301F-11D3-BF4B-00C04F79EFBC}") = "Request", "Request\Request.csproj", "{14CB51A8-0FB1-41A0-8725-8A36F9D70B18}"
EndProject
Global
	GlobalSection(SolutionConfigurationPlatforms) = preSolution
		Debug|Any CPU = Debug|Any CPU
		Release|Any CPU = Release|Any CPU
	EndGlobalSection
	GlobalSection(ProjectConfigurationPlatforms) = postSolution
		{BE2FC3FB-4773-4D2A-8596-73DD00830127}.Debug|Any CPU.ActiveCfg = Debug|Any CPU
		{BE2FC3FB-4773-4D2A-8596-73DD00830127}.Debug|Any CPU.Build.0 = Debug|Any CPU
		{BE2FC3FB-4773-4D2A-8596-73DD00830127}.Release|Any CPU.ActiveCfg = Release|Any CPU
		{BE2FC3FB-4773-4D2A-8596-73DD00830127}.Release|Any CPU.Build.0 = Release|Any CPU
		{F4EE1586-17AD-4DE4-972E-04662C4F659C}.Debug|Any CPU.ActiveCfg = Debug|Any CPU
		{F4EE1586-17AD-4DE4-972E-04662C4F659C}.Debug|Any CPU.Build.0 = Debug|Any CPU
		{F4EE1586-17AD-4DE4-972E-04662C4F659C}.Release|Any CPU.ActiveCfg = Release|Any CPU
		{F4EE1586-17AD-4DE4-972E-04662C4F659C}.Release|Any CPU.Build.0 = Release|Any CPU
		{14CB51A8-0FB1-41A0-8725-8A36F9D70B18}.Debug|Any CPU.ActiveCfg = Debug|Any CPU
		{14CB51A8-0FB1-41A0-8725-8A36F9D70B18}.Debug|Any CPU.Build.0 = Debug|Any CPU
		{14CB51A8-0FB1-41A0-8725-8A36F9D70B18}.Release|Any CPU.ActiveCfg = Release|Any CPU
		{14CB51A8-0FB1-41A0-8725-8A36F9D70B18}.Release|Any CPU.Build.0 = Release|Any CPU
	EndGlobalSection
	GlobalSection(SolutionProperties) = preSolution
		HideSolutionNode = FALSE
	EndGlobalSection
	GlobalSection(ExtensibilityGlobals) = postSolution
		SolutionGuid = {A085546D-62F3-45C9-8EFD-A59B481C6BAE}
	EndGlobalSection
EndGlobal
